
Microsoft Visual Studio Solution File, Format Version 12.00
# Visual Studio Version 16
VisualStudioVersion = 16.0.30330.147
MinimumVisualStudioVersion = 10.0.40219.1
Project("{FAE04EC0-301F-11D3-BF4B-00C04F79EFBC}") = "05_SingletonDesignPattern", "05_SingletonDesignPattern\05_SingletonDesignPattern.csproj", "{5EF7683C-C930-4C34-BA17-9385590A65D2}"
EndProject
Global
	GlobalSection(SolutionConfigurationPlatforms) = preSolution
		Debug|Any CPU = Debug|Any CPU
		Release|Any CPU = Release|Any CPU
	EndGlobalSection
	GlobalSection(ProjectConfigurationPlatforms) = postSolution
		{5EF7683C-C930-4C34-BA17-9385590A65D2}.Debug|Any CPU.ActiveCfg = Debug|Any CPU
		{5EF7683C-C930-4C34-BA17-9385590A65D2}.Debug|Any CPU.Build.0 = Debug|Any CPU
		{5EF7683C-C930-4C34-BA17-9385590A65D2}.Release|Any CPU.ActiveCfg = Release|Any CPU
		{5EF7683C-C930-4C34-BA17-9385590A65D2}.Release|Any CPU.Build.0 = Release|Any CPU
	EndGlobalSection
	GlobalSection(SolutionProperties) = preSolution
		HideSolutionNode = FALSE
	EndGlobalSection
	GlobalSection(ExtensibilityGlobals) = postSolution
		SolutionGuid = {F93281CD-5F2A-4107-B970-24C403F546BD}
	EndGlobalSection
EndGlobal
