
Microsoft Visual Studio Solution File, Format Version 12.00
# Visual Studio Version 16
VisualStudioVersion = 16.0.30320.27
MinimumVisualStudioVersion = 10.0.40219.1
Project("{9A19103F-16F7-4668-BE54-9A1E7A4F7556}") = "01_AbstractFactory", "01_AbstractFactory\01_AbstractFactory.csproj", "{61DAB35C-7D9F-403A-81C9-74E4B8814699}"
EndProject
Project("{9A19103F-16F7-4668-BE54-9A1E7A4F7556}") = "02_Builder", "02_Builder\02_Builder.csproj", "{A94FA0C5-5BB7-49C6-8F71-53B297CB3A39}"
EndProject
Project("{9A19103F-16F7-4668-BE54-9A1E7A4F7556}") = "03_FactoryMethod", "03_FactoryMethod\03_FactoryMethod.csproj", "{B506219C-7791-4DB1-8271-7E9D88B1D9F7}"
EndProject
Project("{9A19103F-16F7-4668-BE54-9A1E7A4F7556}") = "04_Prototype", "04_Prototype\04_Prototype.csproj", "{64064603-BB58-47C2-8986-7C08B3B1787E}"
EndProject
Project("{9A19103F-16F7-4668-BE54-9A1E7A4F7556}") = "00_CurrentTrainingDesignPattern", "00_CurrentTrainingDesignPattern\00_CurrentTrainingDesignPattern.csproj", "{2FD8F345-3820-4634-AFAE-55DF4B2CB5D3}"
EndProject
Project("{9A19103F-16F7-4668-BE54-9A1E7A4F7556}") = "05_SingletonDesignPattern", "05_SingletonDesignPattern\05_SingletonDesignPattern.csproj", "{0ACE7CD7-1E2D-47C2-97DF-7432DDE650C5}"
EndProject
Project("{9A19103F-16F7-4668-BE54-9A1E7A4F7556}") = "06_AdapterDesignPattern_Class", "06_AdapterDesignPattern_Class\06_AdapterDesignPattern_Class.csproj", "{4629FD82-DDB8-4FE5-B504-3B5D3807D6E1}"
EndProject
Project("{9A19103F-16F7-4668-BE54-9A1E7A4F7556}") = "06_AdapterDesignPattern_Object", "06_AdapterDesignPattern_Object\06_AdapterDesignPattern_Object.csproj", "{D4DDB696-D757-47C3-BD0B-E1338A3E5D3F}"
EndProject
Project("{9A19103F-16F7-4668-BE54-9A1E7A4F7556}") = "07_BridgeDesignPattern", "07_BridgeDesignPattern\07_BridgeDesignPattern.csproj", "{B599BCA4-D8A9-4A7E-AE59-1A3036C79DD6}"
EndProject
Project("{9A19103F-16F7-4668-BE54-9A1E7A4F7556}") = "08_CompositeDesignPattern", "08_CompositeDesignPattern\08_CompositeDesignPattern.csproj", "{0CAD98A4-B3DD-480D-BCE6-70688D35D380}"
EndProject
Project("{9A19103F-16F7-4668-BE54-9A1E7A4F7556}") = "09_DecoratorDesignPattern", "09_DecoratorDesignPattern\09_DecoratorDesignPattern.csproj", "{57C5014D-A828-4D35-92C4-C694C736F7CF}"
EndProject
Project("{9A19103F-16F7-4668-BE54-9A1E7A4F7556}") = "10_FacadeDesignPattern", "10_FacadeDesignPattern\10_FacadeDesignPattern.csproj", "{1A209F60-5389-49DF-9AF0-E361FEA82BC8}"
EndProject
Project("{9A19103F-16F7-4668-BE54-9A1E7A4F7556}") = "11_FlyweightDesignPattern", "11_FlyweightDesignPattern\11_FlyweightDesignPattern.csproj", "{9EEEDB7D-D441-4E55-AFCE-EE84EDBC2017}"
EndProject
Project("{9A19103F-16F7-4668-BE54-9A1E7A4F7556}") = "12_ProxyDesignPattern", "12_ProxyDesignPattern\12_ProxyDesignPattern.csproj", "{99BE004C-EF06-446E-A27E-438F22A701F0}"
EndProject
Project("{FAE04EC0-301F-11D3-BF4B-00C04F79EFBC}") = "13_ChainOfResponsibilityDesignPattern", "13_ChainOfResponsibilityDesignPattern\13_ChainOfResponsibilityDesignPattern.csproj", "{44501B93-2CE6-49DF-9805-FDCE85589C1F}"
EndProject
Global
	GlobalSection(SolutionConfigurationPlatforms) = preSolution
		Debug|Any CPU = Debug|Any CPU
		Release|Any CPU = Release|Any CPU
	EndGlobalSection
	GlobalSection(ProjectConfigurationPlatforms) = postSolution
		{61DAB35C-7D9F-403A-81C9-74E4B8814699}.Debug|Any CPU.ActiveCfg = Debug|Any CPU
		{61DAB35C-7D9F-403A-81C9-74E4B8814699}.Debug|Any CPU.Build.0 = Debug|Any CPU
		{61DAB35C-7D9F-403A-81C9-74E4B8814699}.Release|Any CPU.ActiveCfg = Release|Any CPU
		{61DAB35C-7D9F-403A-81C9-74E4B8814699}.Release|Any CPU.Build.0 = Release|Any CPU
		{A94FA0C5-5BB7-49C6-8F71-53B297CB3A39}.Debug|Any CPU.ActiveCfg = Debug|Any CPU
		{A94FA0C5-5BB7-49C6-8F71-53B297CB3A39}.Debug|Any CPU.Build.0 = Debug|Any CPU
		{A94FA0C5-5BB7-49C6-8F71-53B297CB3A39}.Release|Any CPU.ActiveCfg = Release|Any CPU
		{A94FA0C5-5BB7-49C6-8F71-53B297CB3A39}.Release|Any CPU.Build.0 = Release|Any CPU
		{B506219C-7791-4DB1-8271-7E9D88B1D9F7}.Debug|Any CPU.ActiveCfg = Debug|Any CPU
		{B506219C-7791-4DB1-8271-7E9D88B1D9F7}.Debug|Any CPU.Build.0 = Debug|Any CPU
		{B506219C-7791-4DB1-8271-7E9D88B1D9F7}.Release|Any CPU.ActiveCfg = Release|Any CPU
		{B506219C-7791-4DB1-8271-7E9D88B1D9F7}.Release|Any CPU.Build.0 = Release|Any CPU
		{64064603-BB58-47C2-8986-7C08B3B1787E}.Debug|Any CPU.ActiveCfg = Debug|Any CPU
		{64064603-BB58-47C2-8986-7C08B3B1787E}.Debug|Any CPU.Build.0 = Debug|Any CPU
		{64064603-BB58-47C2-8986-7C08B3B1787E}.Release|Any CPU.ActiveCfg = Release|Any CPU
		{64064603-BB58-47C2-8986-7C08B3B1787E}.Release|Any CPU.Build.0 = Release|Any CPU
		{2FD8F345-3820-4634-AFAE-55DF4B2CB5D3}.Debug|Any CPU.ActiveCfg = Debug|Any CPU
		{2FD8F345-3820-4634-AFAE-55DF4B2CB5D3}.Debug|Any CPU.Build.0 = Debug|Any CPU
		{2FD8F345-3820-4634-AFAE-55DF4B2CB5D3}.Release|Any CPU.ActiveCfg = Release|Any CPU
		{2FD8F345-3820-4634-AFAE-55DF4B2CB5D3}.Release|Any CPU.Build.0 = Release|Any CPU
		{0ACE7CD7-1E2D-47C2-97DF-7432DDE650C5}.Debug|Any CPU.ActiveCfg = Debug|Any CPU
		{0ACE7CD7-1E2D-47C2-97DF-7432DDE650C5}.Debug|Any CPU.Build.0 = Debug|Any CPU
		{0ACE7CD7-1E2D-47C2-97DF-7432DDE650C5}.Release|Any CPU.ActiveCfg = Release|Any CPU
		{0ACE7CD7-1E2D-47C2-97DF-7432DDE650C5}.Release|Any CPU.Build.0 = Release|Any CPU
		{4629FD82-DDB8-4FE5-B504-3B5D3807D6E1}.Debug|Any CPU.ActiveCfg = Debug|Any CPU
		{4629FD82-DDB8-4FE5-B504-3B5D3807D6E1}.Debug|Any CPU.Build.0 = Debug|Any CPU
		{4629FD82-DDB8-4FE5-B504-3B5D3807D6E1}.Release|Any CPU.ActiveCfg = Release|Any CPU
		{4629FD82-DDB8-4FE5-B504-3B5D3807D6E1}.Release|Any CPU.Build.0 = Release|Any CPU
		{D4DDB696-D757-47C3-BD0B-E1338A3E5D3F}.Debug|Any CPU.ActiveCfg = Debug|Any CPU
		{D4DDB696-D757-47C3-BD0B-E1338A3E5D3F}.Debug|Any CPU.Build.0 = Debug|Any CPU
		{D4DDB696-D757-47C3-BD0B-E1338A3E5D3F}.Release|Any CPU.ActiveCfg = Release|Any CPU
		{D4DDB696-D757-47C3-BD0B-E1338A3E5D3F}.Release|Any CPU.Build.0 = Release|Any CPU
		{B599BCA4-D8A9-4A7E-AE59-1A3036C79DD6}.Debug|Any CPU.ActiveCfg = Debug|Any CPU
		{B599BCA4-D8A9-4A7E-AE59-1A3036C79DD6}.Debug|Any CPU.Build.0 = Debug|Any CPU
		{B599BCA4-D8A9-4A7E-AE59-1A3036C79DD6}.Release|Any CPU.ActiveCfg = Release|Any CPU
		{B599BCA4-D8A9-4A7E-AE59-1A3036C79DD6}.Release|Any CPU.Build.0 = Release|Any CPU
		{0CAD98A4-B3DD-480D-BCE6-70688D35D380}.Debug|Any CPU.ActiveCfg = Debug|Any CPU
		{0CAD98A4-B3DD-480D-BCE6-70688D35D380}.Debug|Any CPU.Build.0 = Debug|Any CPU
		{0CAD98A4-B3DD-480D-BCE6-70688D35D380}.Release|Any CPU.ActiveCfg = Release|Any CPU
		{0CAD98A4-B3DD-480D-BCE6-70688D35D380}.Release|Any CPU.Build.0 = Release|Any CPU
		{57C5014D-A828-4D35-92C4-C694C736F7CF}.Debug|Any CPU.ActiveCfg = Debug|Any CPU
		{57C5014D-A828-4D35-92C4-C694C736F7CF}.Debug|Any CPU.Build.0 = Debug|Any CPU
		{57C5014D-A828-4D35-92C4-C694C736F7CF}.Release|Any CPU.ActiveCfg = Release|Any CPU
		{57C5014D-A828-4D35-92C4-C694C736F7CF}.Release|Any CPU.Build.0 = Release|Any CPU
		{1A209F60-5389-49DF-9AF0-E361FEA82BC8}.Debug|Any CPU.ActiveCfg = Debug|Any CPU
		{1A209F60-5389-49DF-9AF0-E361FEA82BC8}.Debug|Any CPU.Build.0 = Debug|Any CPU
		{1A209F60-5389-49DF-9AF0-E361FEA82BC8}.Release|Any CPU.ActiveCfg = Release|Any CPU
		{1A209F60-5389-49DF-9AF0-E361FEA82BC8}.Release|Any CPU.Build.0 = Release|Any CPU
		{9EEEDB7D-D441-4E55-AFCE-EE84EDBC2017}.Debug|Any CPU.ActiveCfg = Debug|Any CPU
		{9EEEDB7D-D441-4E55-AFCE-EE84EDBC2017}.Debug|Any CPU.Build.0 = Debug|Any CPU
		{9EEEDB7D-D441-4E55-AFCE-EE84EDBC2017}.Release|Any CPU.ActiveCfg = Release|Any CPU
		{9EEEDB7D-D441-4E55-AFCE-EE84EDBC2017}.Release|Any CPU.Build.0 = Release|Any CPU
		{99BE004C-EF06-446E-A27E-438F22A701F0}.Debug|Any CPU.ActiveCfg = Debug|Any CPU
		{99BE004C-EF06-446E-A27E-438F22A701F0}.Debug|Any CPU.Build.0 = Debug|Any CPU
		{99BE004C-EF06-446E-A27E-438F22A701F0}.Release|Any CPU.ActiveCfg = Release|Any CPU
		{99BE004C-EF06-446E-A27E-438F22A701F0}.Release|Any CPU.Build.0 = Release|Any CPU
		{44501B93-2CE6-49DF-9805-FDCE85589C1F}.Debug|Any CPU.ActiveCfg = Debug|Any CPU
		{44501B93-2CE6-49DF-9805-FDCE85589C1F}.Debug|Any CPU.Build.0 = Debug|Any CPU
		{44501B93-2CE6-49DF-9805-FDCE85589C1F}.Release|Any CPU.ActiveCfg = Release|Any CPU
		{44501B93-2CE6-49DF-9805-FDCE85589C1F}.Release|Any CPU.Build.0 = Release|Any CPU
	EndGlobalSection
	GlobalSection(SolutionProperties) = preSolution
		HideSolutionNode = FALSE
	EndGlobalSection
	GlobalSection(ExtensibilityGlobals) = postSolution
		SolutionGuid = {2660697B-FFCC-4765-A073-E7582B889879}
	EndGlobalSection
EndGlobal
